
Microsoft Visual Studio Solution File, Format Version 12.00
Project("{FAE04EC0-301F-11D3-BF4B-00C04F79EFBC}") = "BananaAPI", "BananaAPI\BananaAPI.csproj", "{FCCB7CD9-5477-4382-820F-DBED5A644B13}"
EndProject
Global
	GlobalSection(SolutionConfigurationPlatforms) = preSolution
		Debug|Any CPU = Debug|Any CPU
		Release|Any CPU = Release|Any CPU
	EndGlobalSection
	GlobalSection(ProjectConfigurationPlatforms) = postSolution
		{FCCB7CD9-5477-4382-820F-DBED5A644B13}.Debug|Any CPU.ActiveCfg = Debug|Any CPU
		{FCCB7CD9-5477-4382-820F-DBED5A644B13}.Debug|Any CPU.Build.0 = Debug|Any CPU
		{FCCB7CD9-5477-4382-820F-DBED5A644B13}.Release|Any CPU.ActiveCfg = Release|Any CPU
		{FCCB7CD9-5477-4382-820F-DBED5A644B13}.Release|Any CPU.Build.0 = Release|Any CPU
	EndGlobalSection
EndGlobal
